PODS:
  - Flutter (1.0.0)
  - flutter_pgyer (0.0.1):
    - Flutter

DEPENDENCIES:
  - Flutter (from `.symlinks/flutter/ios`)
  - flutter_pgyer (from `.symlinks/plugins/flutter_pgyer/ios`)

EXTERNAL SOURCES:
  Flutter:
    :path: ".symlinks/flutter/ios"
  flutter_pgyer:
    :path: ".symlinks/plugins/flutter_pgyer/ios"

SPEC CHECKSUMS:
  Flutter: 0e3d915762c693b495b44d77113d4970485de6ec
  flutter_pgyer: 0b2b74fb33b64aa3b6b0ac3211c83a6a19f67bda

PODFILE CHECKSUM: d9512ffd4a5cc9cc649b88a7c599e3740a6135a1

COCOAPODS: 1.8.3
